<?xml version="1.0" encoding="utf-8"?>
<Project ToolsVersion="4.0" xmlns="http://schemas.microsoft.com/developer/msbuild/2003">
  <ItemGroup>
    <Filter Include="Source">
      <UniqueIdentifier>{13d68cc2-adac-4fe2-a8e1-5ee4aa3f82b6}</UniqueIdentifier>
    </Filter>
    <Filter Include="Source\Network">
      <UniqueIdentifier>{36ceae57-e397-42e2-ad36-c3a024ce5a55}</UniqueIdentifier>
    </Filter>
  </ItemGroup>
  <ItemGroup>
    <ClCompile Include="Source\Main.cpp">
      <Filter>Source</Filter>
    </ClCompile>
    <ClCompile Include="Source\Network\Server.cpp">
      <Filter>Source\Network</Filter>
    </ClCompile>
  </ItemGroup>
  <ItemGroup>
    <ClInclude Include="Source\Network\NetworkCommonParam.h">
      <Filter>Source\Network</Filter>
    </ClInclude>
    <ClInclude Include="Source\Network\Server.h">
      <Filter>Source\Network</Filter>
    </ClInclude>
  </ItemGroup>
</Project>